
Microsoft Visual Studio Solution File, Format Version 12.00
# Visual Studio Version 17
VisualStudioVersion = 17.9.34622.214
MinimumVisualStudioVersion = 10.0.40219.1
Project("{9A19103F-16F7-4668-BE54-9A1E7A4F7556}") = "DODO", "DODO.csproj", "{EC9AAA2F-8E6B-444E-9536-805C3ACB838C}"
EndProject
Global
	GlobalSection(SolutionConfigurationPlatforms) = preSolution
		Debug|Any CPU = Debug|Any CPU
		Release|Any CPU = Release|Any CPU
	EndGlobalSection
	GlobalSection(ProjectConfigurationPlatforms) = postSolution
		{EC9AAA2F-8E6B-444E-9536-805C3ACB838C}.Debug|Any CPU.ActiveCfg = Debug|Any CPU
		{EC9AAA2F-8E6B-444E-9536-805C3ACB838C}.Debug|Any CPU.Build.0 = Debug|Any CPU
		{EC9AAA2F-8E6B-444E-9536-805C3ACB838C}.Release|Any CPU.ActiveCfg = Release|Any CPU
		{EC9AAA2F-8E6B-444E-9536-805C3ACB838C}.Release|Any CPU.Build.0 = Release|Any CPU
	EndGlobalSection
	GlobalSection(SolutionProperties) = preSolution
		HideSolutionNode = FALSE
	EndGlobalSection
	GlobalSection(ExtensibilityGlobals) = postSolution
		SolutionGuid = {4C5F0A4B-2E69-43F1-A72B-DD7F0F1CC3A2}
	EndGlobalSection
EndGlobal
